// !$*UTF8*$!
{
	archiveVersion = 1;
	classes = {
	};
	objectVersion = 46;
	objects = {

/* Begin PBXBuildFile section */
		922237F91909DDD9000B0B2C /* HeaderView.xib in Resources */ = {isa = PBXBuildFile; fileRef = 922237F81909DDD9000B0B2C /* HeaderView.xib */; };
		9239C7981904D37A003F72A1 /* Foundation.framework in Frameworks */ = {isa = PBXBuildFile; fileRef = 9239C7971904D37A003F72A1 /* Foundation.framework */; };
		9239C79A1904D37A003F72A1 /* CoreGraphics.framework in Frameworks */ = {isa = PBXBuildFile; fileRef = 9239C7991904D37A003F72A1 /* CoreGraphics.framework */; };
		9239C79C1904D37A003F72A1 /* UIKit.framework in Frameworks */ = {isa = PBXBuildFile; fileRef = 9239C79B1904D37A003F72A1 /* UIKit.framework */; };
		9239C7A21904D37A003F72A1 /* InfoPlist.strings in Resources */ = {isa = PBXBuildFile; fileRef = 9239C7A01904D37A003F72A1 /* InfoPlist.strings */; };
		9239C7A41904D37A003F72A1 /* main.m in Sources */ = {isa = PBXBuildFile; fileRef = 9239C7A31904D37A003F72A1 /* main.m */; };
		9239C7A81904D37A003F72A1 /* BNRAppDelegate.m in Sources */ = {isa = PBXBuildFile; fileRef = 9239C7A71904D37A003F72A1 /* BNRAppDelegate.m */; };
		9239C7AA1904D37A003F72A1 /* Images.xcassets in Resources */ = {isa = PBXBuildFile; fileRef = 9239C7A91904D37A003F72A1 /* Images.xcassets */; };
		9239C7B11904D37A003F72A1 /* XCTest.framework in Frameworks */ = {isa = PBXBuildFile; fileRef = 9239C7B01904D37A003F72A1 /* XCTest.framework */; };
		9239C7B21904D37A003F72A1 /* Foundation.framework in Frameworks */ = {isa = PBXBuildFile; fileRef = 9239C7971904D37A003F72A1 /* Foundation.framework */; };
		9239C7B31904D37A003F72A1 /* UIKit.framework in Frameworks */ = {isa = PBXBuildFile; fileRef = 9239C79B1904D37A003F72A1 /* UIKit.framework */; };
		9239C7BB1904D37A003F72A1 /* InfoPlist.strings in Resources */ = {isa = PBXBuildFile; fileRef = 9239C7B91904D37A003F72A1 /* InfoPlist.strings */; };
		9239C7BD1904D37A003F72A1 /* HomepwnerTests.m in Sources */ = {isa = PBXBuildFile; fileRef = 9239C7BC1904D37A003F72A1 /* HomepwnerTests.m */; };
		9239C7C81904D40C003F72A1 /* BNRItemsViewController.m in Sources */ = {isa = PBXBuildFile; fileRef = 9239C7C71904D40C003F72A1 /* BNRItemsViewController.m */; };
		9239C7CB1904D54B003F72A1 /* BNRItem.m in Sources */ = {isa = PBXBuildFile; fileRef = 9239C7CA1904D54B003F72A1 /* BNRItem.m */; };
		9239C7CE1904D5DB003F72A1 /* BNRItemStore.m in Sources */ = {isa = PBXBuildFile; fileRef = 9239C7CD1904D5DB003F72A1 /* BNRItemStore.m */; };
/* End PBXBuildFile section */

/* Begin PBXContainerItemProxy section */
		9239C7B41904D37A003F72A1 /* PBXContainerItemProxy */ = {
			isa = PBXContainerItemProxy;
			containerPortal = 9239C78C1904D37A003F72A1 /* Project object */;
			proxyType = 1;
			remoteGlobalIDString = 9239C7931904D37A003F72A1;
			remoteInfo = Homepwner;
		};
/* End PBXContainerItemProxy section */

/* Begin PBXFileReference section */
		922237F81909DDD9000B0B2C /* HeaderView.xib */ = {isa = PBXFileReference; fileEncoding = 4; lastKnownFileType = file.xib; path = HeaderView.xib; sourceTree = "<group>"; };
		9239C7941904D37A003F72A1 /* Homepwner.app */ = {isa = PBXFileReference; explicitFileType = wrapper.application; includeInIndex = 0; path = Homepwner.app; sourceTree = BUILT_PRODUCTS_DIR; };
		9239C7971904D37A003F72A1 /* Foundation.framework */ = {isa = PBXFileReference; lastKnownFileType = wrapper.framework; name = Foundation.framework; path = System/Library/Frameworks/Foundation.framework; sourceTree = SDKROOT; };
		9239C7991904D37A003F72A1 /* CoreGraphics.framework */ = {isa = PBXFileReference; lastKnownFileType = wrapper.framework; name = CoreGraphics.framework; path = System/Library/Frameworks/CoreGraphics.framework; sourceTree = SDKROOT; };
		9239C79B1904D37A003F72A1 /* UIKit.framework */ = {isa = PBXFileReference; lastKnownFileType = wrapper.framework; name = UIKit.framework; path = System/Library/Frameworks/UIKit.framework; sourceTree = SDKROOT; };
		9239C79F1904D37A003F72A1 /* Homepwner-Info.plist */ = {isa = PBXFileReference; lastKnownFileType = text.plist.xml; path = "Homepwner-Info.plist"; sourceTree = "<group>"; };
		9239C7A11904D37A003F72A1 /* en */ = {isa = PBXFileReference; lastKnownFileType = text.plist.strings; name = en; path = en.lproj/InfoPlist.strings; sourceTree = "<group>"; };
		9239C7A31904D37A003F72A1 /* main.m */ = {isa = PBXFileReference; lastKnownFileType = sourcecode.c.objc; path = main.m; sourceTree = "<group>"; };
		9239C7A51904D37A003F72A1 /* Homepwner-Prefix.pch */ = {isa = PBXFileReference; lastKnownFileType = sourcecode.c.h; path = "Homepwner-Prefix.pch"; sourceTree = "<group>"; };
		9239C7A61904D37A003F72A1 /* BNRAppDelegate.h */ = {isa = PBXFileReference; lastKnownFileType = sourcecode.c.h; path = BNRAppDelegate.h; sourceTree = "<group>"; };
		9239C7A71904D37A003F72A1 /* BNRAppDelegate.m */ = {isa = PBXFileReference; lastKnownFileType = sourcecode.c.objc; path = BNRAppDelegate.m; sourceTree = "<group>"; };
		9239C7A91904D37A003F72A1 /* Images.xcassets */ = {isa = PBXFileReference; lastKnownFileType = folder.assetcatalog; path = Images.xcassets; sourceTree = "<group>"; };
		9239C7AF1904D37A003F72A1 /* HomepwnerTests.xctest */ = {isa = PBXFileReference; explicitFileType = wrapper.cfbundle; includeInIndex = 0; path = HomepwnerTests.xctest; sourceTree = BUILT_PRODUCTS_DIR; };
		9239C7B01904D37A003F72A1 /* XCTest.framework */ = {isa = PBXFileReference; lastKnownFileType = wrapper.framework; name = XCTest.framework; path = Library/Frameworks/XCTest.framework; sourceTree = DEVELOPER_DIR; };
		9239C7B81904D37A003F72A1 /* HomepwnerTests-Info.plist */ = {isa = PBXFileReference; lastKnownFileType = text.plist.xml; path = "HomepwnerTests-Info.plist"; sourceTree = "<group>"; };
		9239C7BA1904D37A003F72A1 /* en */ = {isa = PBXFileReference; lastKnownFileType = text.plist.strings; name = en; path = en.lproj/InfoPlist.strings; sourceTree = "<group>"; };
		9239C7BC1904D37A003F72A1 /* HomepwnerTests.m */ = {isa = PBXFileReference; lastKnownFileType = sourcecode.c.objc; path = HomepwnerTests.m; sourceTree = "<group>"; };
		9239C7C61904D40C003F72A1 /* BNRItemsViewController.h */ = {isa = PBXFileReference; fileEncoding = 4; lastKnownFileType = sourcecode.c.h; path = BNRItemsViewController.h; sourceTree = "<group>"; };
		9239C7C71904D40C003F72A1 /* BNRItemsViewController.m */ = {isa = PBXFileReference; fileEncoding = 4; lastKnownFileType = sourcecode.c.objc; path = BNRItemsViewController.m; sourceTree = "<group>"; };
		9239C7C91904D54B003F72A1 /* BNRItem.h */ = {isa = PBXFileReference; fileEncoding = 4; lastKnownFileType = sourcecode.c.h; path = BNRItem.h; sourceTree = "<group>"; };
		9239C7CA1904D54B003F72A1 /* BNRItem.m */ = {isa = PBXFileReference; fileEncoding = 4; lastKnownFileType = sourcecode.c.objc; path = BNRItem.m; sourceTree = "<group>"; };
		9239C7CC1904D5DB003F72A1 /* BNRItemStore.h */ = {isa = PBXFileReference; fileEncoding = 4; lastKnownFileType = sourcecode.c.h; path = BNRItemStore.h; sourceTree = "<group>"; };
		9239C7CD1904D5DB003F72A1 /* BNRItemStore.m */ = {isa = PBXFileReference; fileEncoding = 4; lastKnownFileType = sourcecode.c.objc; path = BNRItemStore.m; sourceTree = "<group>"; };
/* End PBXFileReference section */

/* Begin PBXFrameworksBuildPhase section */
		9239C7911904D37A003F72A1 /* Frameworks */ = {
			isa = PBXFrameworksBuildPhase;
			buildActionMask = 2147483647;
			files = (
				9239C79A1904D37A003F72A1 /* CoreGraphics.framework in Frameworks */,
				9239C79C1904D37A003F72A1 /* UIKit.framework in Frameworks */,
				9239C7981904D37A003F72A1 /* Foundation.framework in Frameworks */,
			);
			runOnlyForDeploymentPostprocessing = 0;
		};
		9239C7AC1904D37A003F72A1 /* Frameworks */ = {
			isa = PBXFrameworksBuildPhase;
			buildActionMask = 2147483647;
			files = (
				9239C7B11904D37A003F72A1 /* XCTest.framework in Frameworks */,
				9239C7B31904D37A003F72A1 /* UIKit.framework in Frameworks */,
				9239C7B21904D37A003F72A1 /* Foundation.framework in Frameworks */,
			);
			runOnlyForDeploymentPostprocessing = 0;
		};
/* End PBXFrameworksBuildPhase section */

/* Begin PBXGroup section */
		9239C78B1904D37A003F72A1 = {
			isa = PBXGroup;
			children = (
				9239C79D1904D37A003F72A1 /* Homepwner */,
				9239C7B61904D37A003F72A1 /* HomepwnerTests */,
				9239C7961904D37A003F72A1 /* Frameworks */,
				9239C7951904D37A003F72A1 /* Products */,
			);
			sourceTree = "<group>";
		};
		9239C7951904D37A003F72A1 /* Products */ = {
			isa = PBXGroup;
			children = (
				9239C7941904D37A003F72A1 /* Homepwner.app */,
				9239C7AF1904D37A003F72A1 /* HomepwnerTests.xctest */,
			);
			name = Products;
			sourceTree = "<group>";
		};
		9239C7961904D37A003F72A1 /* Frameworks */ = {
			isa = PBXGroup;
			children = (
				9239C7971904D37A003F72A1 /* Foundation.framework */,
				9239C7991904D37A003F72A1 /* CoreGraphics.framework */,
				9239C79B1904D37A003F72A1 /* UIKit.framework */,
				9239C7B01904D37A003F72A1 /* XCTest.framework */,
			);
			name = Frameworks;
			sourceTree = "<group>";
		};
		9239C79D1904D37A003F72A1 /* Homepwner */ = {
			isa = PBXGroup;
			children = (
				9239C7C91904D54B003F72A1 /* BNRItem.h */,
				9239C7CA1904D54B003F72A1 /* BNRItem.m */,
				9239C7A61904D37A003F72A1 /* BNRAppDelegate.h */,
				9239C7A71904D37A003F72A1 /* BNRAppDelegate.m */,
				9239C7C61904D40C003F72A1 /* BNRItemsViewController.h */,
				9239C7C71904D40C003F72A1 /* BNRItemsViewController.m */,
				922237F81909DDD9000B0B2C /* HeaderView.xib */,
				9239C7CC1904D5DB003F72A1 /* BNRItemStore.h */,
				9239C7CD1904D5DB003F72A1 /* BNRItemStore.m */,
				9239C7A91904D37A003F72A1 /* Images.xcassets */,
				9239C79E1904D37A003F72A1 /* Supporting Files */,
			);
			path = Homepwner;
			sourceTree = "<group>";
		};
		9239C79E1904D37A003F72A1 /* Supporting Files */ = {
			isa = PBXGroup;
			children = (
				9239C79F1904D37A003F72A1 /* Homepwner-Info.plist */,
				9239C7A01904D37A003F72A1 /* InfoPlist.strings */,
				9239C7A31904D37A003F72A1 /* main.m */,
				9239C7A51904D37A003F72A1 /* Homepwner-Prefix.pch */,
			);
			name = "Supporting Files";
			sourceTree = "<group>";
		};
		9239C7B61904D37A003F72A1 /* HomepwnerTests */ = {
			isa = PBXGroup;
			children = (
				9239C7BC1904D37A003F72A1 /* HomepwnerTests.m */,
				9239C7B71904D37A003F72A1 /* Supporting Files */,
			);
			path = HomepwnerTests;
			sourceTree = "<group>";
		};
		9239C7B71904D37A003F72A1 /* Supporting Files */ = {
			isa = PBXGroup;
			children = (
				9239C7B81904D37A003F72A1 /* HomepwnerTests-Info.plist */,
				9239C7B91904D37A003F72A1 /* InfoPlist.strings */,
			);
			name = "Supporting Files";
			sourceTree = "<group>";
		};
/* End PBXGroup section */

/* Begin PBXNativeTarget section */
		9239C7931904D37A003F72A1 /* Homepwner */ = {
			isa = PBXNativeTarget;
			buildConfigurationList = 9239C7C01904D37A003F72A1 /* Build configuration list for PBXNativeTarget "Homepwner" */;
			buildPhases = (
				9239C7901904D37A003F72A1 /* Sources */,
				9239C7911904D37A003F72A1 /* Frameworks */,
				9239C7921904D37A003F72A1 /* Resources */,
			);
			buildRules = (
			);
			dependencies = (
			);
			name = Homepwner;
			productName = Homepwner;
			productReference = 9239C7941904D37A003F72A1 /* Homepwner.app */;
			productType = "com.apple.product-type.application";
		};
		9239C7AE1904D37A003F72A1 /* HomepwnerTests */ = {
			isa = PBXNativeTarget;
			buildConfigurationList = 9239C7C31904D37A003F72A1 /* Build configuration list for PBXNativeTarget "HomepwnerTests" */;
			buildPhases = (
				9239C7AB1904D37A003F72A1 /* Sources */,
				9239C7AC1904D37A003F72A1 /* Frameworks */,
				9239C7AD1904D37A003F72A1 /* Resources */,
			);
			buildRules = (
			);
			dependencies = (
				9239C7B51904D37A003F72A1 /* PBXTargetDependency */,
			);
			name = HomepwnerTests;
			productName = HomepwnerTests;
			productReference = 9239C7AF1904D37A003F72A1 /* HomepwnerTests.xctest */;
			productType = "com.apple.product-type.bundle.unit-test";
		};
/* End PBXNativeTarget section */

/* Begin PBXProject section */
		9239C78C1904D37A003F72A1 /* Project object */ = {
			isa = PBXProject;
			attributes = {
				CLASSPREFIX = BNR;
				LastUpgradeCheck = 0510;
				ORGANIZATIONNAME = "Hi Rahim";
				TargetAttributes = {
					9239C7AE1904D37A003F72A1 = {
						TestTargetID = 9239C7931904D37A003F72A1;
					};
				};
			};
			buildConfigurationList = 9239C78F1904D37A003F72A1 /* Build configuration list for PBXProject "Homepwner" */;
			compatibilityVersion = "Xcode 3.2";
			developmentRegion = English;
			hasScannedForEncodings = 0;
			knownRegions = (
				en,
			);
			mainGroup = 9239C78B1904D37A003F72A1;
			productRefGroup = 9239C7951904D37A003F72A1 /* Products */;
			projectDirPath = "";
			projectRoot = "";
			targets = (
				9239C7931904D37A003F72A1 /* Homepwner */,
				9239C7AE1904D37A003F72A1 /* HomepwnerTests */,
			);
		};
/* End PBXProject section */

/* Begin PBXResourcesBuildPhase section */
		9239C7921904D37A003F72A1 /* Resources */ = {
			isa = PBXResourcesBuildPhase;
			buildActionMask = 2147483647;
			files = (
				922237F91909DDD9000B0B2C /* HeaderView.xib in Resources */,
				9239C7A21904D37A003F72A1 /* InfoPlist.strings in Resources */,
				9239C7AA1904D37A003F72A1 /* Images.xcassets in Resources */,
			);
			runOnlyForDeploymentPostprocessing = 0;
		};
		9239C7AD1904D37A003F72A1 /* Resources */ = {
			isa = PBXResourcesBuildPhase;
			buildActionMask = 2147483647;
			files = (
				9239C7BB1904D37A003F72A1 /* InfoPlist.strings in Resources */,
			);
			runOnlyForDeploymentPostprocessing = 0;
		};
/* End PBXResourcesBuildPhase section */

/* Begin PBXSourcesBuildPhase section */
		9239C7901904D37A003F72A1 /* Sources */ = {
			isa = PBXSourcesBuildPhase;
			buildActionMask = 2147483647;
			files = (
				9239C7CE1904D5DB003F72A1 /* BNRItemStore.m in Sources */,
				9239C7C81904D40C003F72A1 /* BNRItemsViewController.m in Sources */,
				9239C7CB1904D54B003F72A1 /* BNRItem.m in Sources */,
				9239C7A41904D37A003F72A1 /* main.m in Sources */,
				9239C7A81904D37A003F72A1 /* BNRAppDelegate.m in Sources */,
			);
			runOnlyForDeploymentPostprocessing = 0;
		};
		9239C7AB1904D37A003F72A1 /* Sources */ = {
			isa = PBXSourcesBuildPhase;
			buildActionMask = 2147483647;
			files = (
				9239C7BD1904D37A003F72A1 /* HomepwnerTests.m in Sources */,
			);
			runOnlyForDeploymentPostprocessing = 0;
		};
/* End PBXSourcesBuildPhase section */

/* Begin PBXTargetDependency section */
		9239C7B51904D37A003F72A1 /* PBXTargetDependency */ = {
			isa = PBXTargetDependency;
			target = 9239C7931904D37A003F72A1 /* Homepwner */;
			targetProxy = 9239C7B41904D37A003F72A1 /* PBXContainerItemProxy */;
		};
/* End PBXTargetDependency section */

/* Begin PBXVariantGroup section */
		9239C7A01904D37A003F72A1 /* InfoPlist.strings */ = {
			isa = PBXVariantGroup;
			children = (
				9239C7A11904D37A003F72A1 /* en */,
			);
			name = InfoPlist.strings;
			sourceTree = "<group>";
		};
		9239C7B91904D37A003F72A1 /* InfoPlist.strings */ = {
			isa = PBXVariantGroup;
			children = (
				9239C7BA1904D37A003F72A1 /* en */,
			);
			name = InfoPlist.strings;
			sourceTree = "<group>";
		};
/* End PBXVariantGroup section */

/* Begin XCBuildConfiguration section */
		9239C7BE1904D37A003F72A1 /* Debug */ = {
			isa = XCBuildConfiguration;
			buildSettings = {
				ALWAYS_SEARCH_USER_PATHS = NO;
				CLANG_CXX_LANGUAGE_STANDARD = "gnu++0x";
				CLANG_CXX_LIBRARY = "libc++";
				CLANG_ENABLE_MODULES = YES;
				CLANG_ENABLE_OBJC_ARC = YES;
				CLANG_WARN_BOOL_CONVERSION = YES;
				CLANG_WARN_CONSTANT_CONVERSION = YES;
				CLANG_WARN_DIRECT_OBJC_ISA_USAGE = YES_ERROR;
				CLANG_WARN_EMPTY_BODY = YES;
				CLANG_WARN_ENUM_CONVERSION = YES;
				CLANG_WARN_INT_CONVERSION = YES;
				CLANG_WARN_OBJC_ROOT_CLASS = YES_ERROR;
				CLANG_WARN__DUPLICATE_METHOD_MATCH = YES;
				"CODE_SIGN_IDENTITY[sdk=iphoneos*]" = "iPhone Developer";
				COPY_PHASE_STRIP = NO;
				GCC_C_LANGUAGE_STANDARD = gnu99;
				GCC_DYNAMIC_NO_PIC = NO;
				GCC_OPTIMIZATION_LEVEL = 0;
				GCC_PREPROCESSOR_DEFINITIONS = (
					"DEBUG=1",
					"$(inherited)",
				);
				GCC_SYMBOLS_PRIVATE_EXTERN = NO;
				GCC_WARN_64_TO_32_BIT_CONVERSION = YES;
				GCC_WARN_ABOUT_RETURN_TYPE = YES_ERROR;
				GCC_WARN_UNDECLARED_SELECTOR = YES;
				GCC_WARN_UNINITIALIZED_AUTOS = YES_AGGRESSIVE;
				GCC_WARN_UNUSED_FUNCTION = YES;
				GCC_WARN_UNUSED_VARIABLE = YES;
				IPHONEOS_DEPLOYMENT_TARGET = 7.1;
				ONLY_ACTIVE_ARCH = YES;
				SDKROOT = iphoneos;
			};
			name = Debug;
		};
		9239C7BF1904D37A003F72A1 /* Release */ = {
			isa = XCBuildConfiguration;
			buildSettings = {
				ALWAYS_SEARCH_USER_PATHS = NO;
				CLANG_CXX_LANGUAGE_STANDARD = "gnu++0x";
				CLANG_CXX_LIBRARY = "libc++";
				CLANG_ENABLE_MODULES = YES;
				CLANG_ENABLE_OBJC_ARC = YES;
				CLANG_WARN_BOOL_CONVERSION = YES;
				CLANG_WARN_CONSTANT_CONVERSION = YES;
				CLANG_WARN_DIRECT_OBJC_ISA_USAGE = YES_ERROR;
				CLANG_WARN_EMPTY_BODY = YES;
				CLANG_WARN_ENUM_CONVERSION = YES;
				CLANG_WARN_INT_CONVERSION = YES;
				CLANG_WARN_OBJC_ROOT_CLASS = YES_ERROR;
				CLANG_WARN__DUPLICATE_METHOD_MATCH = YES;
				"CODE_SIGN_IDENTITY[sdk=iphoneos*]" = "iPhone Developer";
				COPY_PHASE_STRIP = YES;
				ENABLE_NS_ASSERTIONS = NO;
				GCC_C_LANGUAGE_STANDARD = gnu99;
				GCC_WARN_64_TO_32_BIT_CONVERSION = YES;
				GCC_WARN_ABOUT_RETURN_TYPE = YES_ERROR;
				GCC_WARN_UNDECLARED_SELECTOR = YES;
				GCC_WARN_UNINITIALIZED_AUTOS = YES_AGGRESSIVE;
				GCC_WARN_UNUSED_FUNCTION = YES;
				GCC_WARN_UNUSED_VARIABLE = YES;
				IPHONEOS_DEPLOYMENT_TARGET = 7.1;
				SDKROOT = iphoneos;
				VALIDATE_PRODUCT = YES;
			};
			name = Release;
		};
		9239C7C11904D37A003F72A1 /* Debug */ = {
			isa = XCBuildConfiguration;
			buildSettings = {
				ASSETCATALOG_COMPILER_APPICON_NAME = AppIcon;
				ASSETCATALOG_COMPILER_LAUNCHIMAGE_NAME = LaunchImage;
				GCC_PRECOMPILE_PREFIX_HEADER = YES;
				GCC_PREFIX_HEADER = "Homepwner/Homepwner-Prefix.pch";
				INFOPLIST_FILE = "Homepwner/Homepwner-Info.plist";
				PRODUCT_NAME = "$(TARGET_NAME)";
				WRAPPER_EXTENSION = app;
			};
			name = Debug;
		};
		9239C7C21904D37A003F72A1 /* Release */ = {
			isa = XCBuildConfiguration;
			buildSettings = {
				ASSETCATALOG_COMPILER_APPICON_NAME = AppIcon;
				ASSETCATALOG_COMPILER_LAUNCHIMAGE_NAME = LaunchImage;
				GCC_PRECOMPILE_PREFIX_HEADER = YES;
				GCC_PREFIX_HEADER = "Homepwner/Homepwner-Prefix.pch";
				INFOPLIST_FILE = "Homepwner/Homepwner-Info.plist";
				PRODUCT_NAME = "$(TARGET_NAME)";
				WRAPPER_EXTENSION = app;
			};
			name = Release;
		};
		9239C7C41904D37A003F72A1 /* Debug */ = {
			isa = XCBuildConfiguration;
			buildSettings = {
				BUNDLE_LOADER = "$(BUILT_PRODUCTS_DIR)/Homepwner.app/Homepwner";
				FRAMEWORK_SEARCH_PATHS = (
					"$(SDKROOT)/Developer/Library/Frameworks",
					"$(inherited)",
					"$(DEVELOPER_FRAMEWORKS_DIR)",
				);
				GCC_PRECOMPILE_PREFIX_HEADER = YES;
				GCC_PREFIX_HEADER = "Homepwner/Homepwner-Prefix.pch";
				GCC_PREPROCESSOR_DEFINITIONS = (
					"DEBUG=1",
					"$(inherited)",
				);
				INFOPLIST_FILE = "HomepwnerTests/HomepwnerTests-Info.plist";
				PRODUCT_NAME = "$(TARGET_NAME)";
				TEST_HOST = "$(BUNDLE_LOADER)";
				WRAPPER_EXTENSION = xctest;
			};
			name = Debug;
		};
		9239C7C51904D37A003F72A1 /* Release */ = {
			isa = XCBuildConfiguration;
			buildSettings = {
				BUNDLE_LOADER = "$(BUILT_PRODUCTS_DIR)/Homepwner.app/Homepwner";
				FRAMEWORK_SEARCH_PATHS = (
					"$(SDKROOT)/Developer/Library/Frameworks",
					"$(inherited)",
					"$(DEVELOPER_FRAMEWORKS_DIR)",
				);
				GCC_PRECOMPILE_PREFIX_HEADER = YES;
				GCC_PREFIX_HEADER = "Homepwner/Homepwner-Prefix.pch";
				INFOPLIST_FILE = "HomepwnerTests/HomepwnerTests-Info.plist";
				PRODUCT_NAME = "$(TARGET_NAME)";
				TEST_HOST = "$(BUNDLE_LOADER)";
				WRAPPER_EXTENSION = xctest;
			};
			name = Release;
		};
/* End XCBuildConfiguration section */

/* Begin XCConfigurationList section */
		9239C78F1904D37A003F72A1 /* Build configuration list for PBXProject "Homepwner" */ = {
			isa = XCConfigurationList;
			buildConfigurations = (
				9239C7BE1904D37A003F72A1 /* Debug */,
				9239C7BF1904D37A003F72A1 /* Release */,
			);
			defaultConfigurationIsVisible = 0;
			defaultConfigurationName = Release;
		};
		9239C7C01904D37A003F72A1 /* Build configuration list for PBXNativeTarget "Homepwner" */ = {
			isa = XCConfigurationList;
			buildConfigurations = (
				9239C7C11904D37A003F72A1 /* Debug */,
				9239C7C21904D37A003F72A1 /* Release */,
			);
			defaultConfigurationIsVisible = 0;
			defaultConfigurationName = Release;
		};
		9239C7C31904D37A003F72A1 /* Build configuration list for PBXNativeTarget "HomepwnerTests" */ = {
			isa = XCConfigurationList;
			buildConfigurations = (
				9239C7C41904D37A003F72A1 /* Debug */,
				9239C7C51904D37A003F72A1 /* Release */,
			);
			defaultConfigurationIsVisible = 0;
			defaultConfigurationName = Release;
		};
/* End XCConfigurationList section */
	};
	rootObject = 9239C78C1904D37A003F72A1 /* Project object */;
}
